
Microsoft Visual Studio Solution File, Format Version 12.00
# Visual Studio Version 16
VisualStudioVersion = 16.0.29806.167
MinimumVisualStudioVersion = 10.0.40219.1
Project("{FAE04EC0-301F-11D3-BF4B-00C04F79EFBC}") = "PopUpTester.Android", "PopUpTester\PopUpTester.Android\PopUpTester.Android.csproj", "{5DD195C0-9B8C-44F7-A50A-CA824AA4ACC6}"
EndProject
Project("{FAE04EC0-301F-11D3-BF4B-00C04F79EFBC}") = "PopUpTester", "PopUpTester\PopUpTester\PopUpTester.csproj", "{AA20FE9B-D427-412B-A93F-7F9AEFF87578}"
EndProject
Global
	GlobalSection(SolutionConfigurationPlatforms) = preSolution
		Debug|Any CPU = Debug|Any CPU
		Release|Any CPU = Release|Any CPU
	EndGlobalSection
	GlobalSection(ProjectConfigurationPlatforms) = postSolution
		{5DD195C0-9B8C-44F7-A50A-CA824AA4ACC6}.Debug|Any CPU.ActiveCfg = Debug|Any CPU
		{5DD195C0-9B8C-44F7-A50A-CA824AA4ACC6}.Debug|Any CPU.Build.0 = Debug|Any CPU
		{5DD195C0-9B8C-44F7-A50A-CA824AA4ACC6}.Debug|Any CPU.Deploy.0 = Debug|Any CPU
		{5DD195C0-9B8C-44F7-A50A-CA824AA4ACC6}.Release|Any CPU.ActiveCfg = Release|Any CPU
		{5DD195C0-9B8C-44F7-A50A-CA824AA4ACC6}.Release|Any CPU.Build.0 = Release|Any CPU
		{5DD195C0-9B8C-44F7-A50A-CA824AA4ACC6}.Release|Any CPU.Deploy.0 = Release|Any CPU
		{AA20FE9B-D427-412B-A93F-7F9AEFF87578}.Debug|Any CPU.ActiveCfg = Debug|Any CPU
		{AA20FE9B-D427-412B-A93F-7F9AEFF87578}.Debug|Any CPU.Build.0 = Debug|Any CPU
		{AA20FE9B-D427-412B-A93F-7F9AEFF87578}.Debug|Any CPU.Deploy.0 = Debug|Any CPU
		{AA20FE9B-D427-412B-A93F-7F9AEFF87578}.Release|Any CPU.ActiveCfg = Release|Any CPU
		{AA20FE9B-D427-412B-A93F-7F9AEFF87578}.Release|Any CPU.Build.0 = Release|Any CPU
		{AA20FE9B-D427-412B-A93F-7F9AEFF87578}.Release|Any CPU.Deploy.0 = Release|Any CPU
	EndGlobalSection
	GlobalSection(SolutionProperties) = preSolution
		HideSolutionNode = FALSE
	EndGlobalSection
	GlobalSection(ExtensibilityGlobals) = postSolution
		SolutionGuid = {B81E8935-96D1-4FB7-97DE-4D6BCFC8339F}
	EndGlobalSection
EndGlobal
